
Microsoft Visual Studio Solution File, Format Version 12.00
# Visual Studio Version 17
VisualStudioVersion = 17.11.35222.181
MinimumVisualStudioVersion = 10.0.40219.1
Project("{8BC9CEB8-8B4A-11D0-8D11-00A0C91BC942}") = "AlienZoo", "AlienZoo\AlienZoo.vcxproj", "{EF1A4F9C-03E6-487C-9A3C-0F2D8806C467}"
EndProject
Global
	GlobalSection(SolutionConfigurationPlatforms) = preSolution
		Debug|x64 = Debug|x64
		Debug|x86 = Debug|x86
		Release|x64 = Release|x64
		Release|x86 = Release|x86
	EndGlobalSection
	GlobalSection(ProjectConfigurationPlatforms) = postSolution
		{EF1A4F9C-03E6-487C-9A3C-0F2D8806C467}.Debug|x64.ActiveCfg = Debug|x64
		{EF1A4F9C-03E6-487C-9A3C-0F2D8806C467}.Debug|x64.Build.0 = Debug|x64
		{EF1A4F9C-03E6-487C-9A3C-0F2D8806C467}.Debug|x86.ActiveCfg = Debug|Win32
		{EF1A4F9C-03E6-487C-9A3C-0F2D8806C467}.Debug|x86.Build.0 = Debug|Win32
		{EF1A4F9C-03E6-487C-9A3C-0F2D8806C467}.Release|x64.ActiveCfg = Release|x64
		{EF1A4F9C-03E6-487C-9A3C-0F2D8806C467}.Release|x64.Build.0 = Release|x64
		{EF1A4F9C-03E6-487C-9A3C-0F2D8806C467}.Release|x86.ActiveCfg = Release|Win32
		{EF1A4F9C-03E6-487C-9A3C-0F2D8806C467}.Release|x86.Build.0 = Release|Win32
	EndGlobalSection
	GlobalSection(SolutionProperties) = preSolution
		HideSolutionNode = FALSE
	EndGlobalSection
	GlobalSection(ExtensibilityGlobals) = postSolution
		SolutionGuid = {1D379F16-D5F8-4BA7-A9FA-D8681EA0DBDB}
	EndGlobalSection
EndGlobal
